
Microsoft Visual Studio Solution File, Format Version 11.00
# Visual Studio 2010
Project("{FAE04EC0-301F-11D3-BF4B-00C04F79EFBC}") = "Loading Scene", "Assembly-CSharp.csproj", "{9FFE7C5C-0AE2-57FB-F6C6-4C3C0B036C19}"
EndProject
Global
	GlobalSection(SolutionConfigurationPlatforms) = preSolution
		Debug|Any CPU = Debug|Any CPU
		Release|Any CPU = Release|Any CPU
	EndGlobalSection
	GlobalSection(ProjectConfigurationPlatforms) = postSolution
		{9FFE7C5C-0AE2-57FB-F6C6-4C3C0B036C19}.Debug|Any CPU.ActiveCfg = Debug|Any CPU
		{9FFE7C5C-0AE2-57FB-F6C6-4C3C0B036C19}.Debug|Any CPU.Build.0 = Debug|Any CPU
		{9FFE7C5C-0AE2-57FB-F6C6-4C3C0B036C19}.Release|Any CPU.ActiveCfg = Release|Any CPU
		{9FFE7C5C-0AE2-57FB-F6C6-4C3C0B036C19}.Release|Any CPU.Build.0 = Release|Any CPU
	EndGlobalSection
	GlobalSection(SolutionProperties) = preSolution
		HideSolutionNode = FALSE
	EndGlobalSection
	GlobalSection(MonoDevelopProperties) = preSolution
		StartupItem = Assembly-CSharp.csproj
	EndGlobalSection
EndGlobal
